// !$*UTF8*$!
{
	archiveVersion = 1;
	classes = {
	};
	objectVersion = 48;
	objects = {

/* Begin PBXBuildFile section */
		B55463CB203B355C00A2A778 /* UICollectionViewCellExtension.swift in Sources */ = {isa = PBXBuildFile; fileRef = B55463C2203B355B00A2A778 /* UICollectionViewCellExtension.swift */; };
		B55463CC203B355C00A2A778 /* UIStoryboardExtension.swift in Sources */ = {isa = PBXBuildFile; fileRef = B55463C3203B355B00A2A778 /* UIStoryboardExtension.swift */; };
		B55463CD203B355C00A2A778 /* UITableViewExtension.swift in Sources */ = {isa = PBXBuildFile; fileRef = B55463C4203B355B00A2A778 /* UITableViewExtension.swift */; };
		B55463CE203B355C00A2A778 /* UITableViewCellExtension.swift in Sources */ = {isa = PBXBuildFile; fileRef = B55463C5203B355C00A2A778 /* UITableViewCellExtension.swift */; };
		B55463CF203B355C00A2A778 /* UIImageExtension.swift in Sources */ = {isa = PBXBuildFile; fileRef = B55463C6203B355C00A2A778 /* UIImageExtension.swift */; };
		B55463D0203B355C00A2A778 /* UICollectionViewExtension.swift in Sources */ = {isa = PBXBuildFile; fileRef = B55463C7203B355C00A2A778 /* UICollectionViewExtension.swift */; };
		B55463D1203B355C00A2A778 /* UINibExtension.swift in Sources */ = {isa = PBXBuildFile; fileRef = B55463C8203B355C00A2A778 /* UINibExtension.swift */; };
		B55463D2203B355C00A2A778 /* UITableViewHeaderFooterViewExtension.swift in Sources */ = {isa = PBXBuildFile; fileRef = B55463C9203B355C00A2A778 /* UITableViewHeaderFooterViewExtension.swift */; };
		B55463D7203B359300A2A778 /* UIPanGestureExtension.swift in Sources */ = {isa = PBXBuildFile; fileRef = B55463D6203B359300A2A778 /* UIPanGestureExtension.swift */; };
		B55463D9203B35B700A2A778 /* UIColorExtension.swift in Sources */ = {isa = PBXBuildFile; fileRef = B55463D8203B35B700A2A778 /* UIColorExtension.swift */; };
		B55463DB203B35C100A2A778 /* UIGestureRecognizerExtension.swift in Sources */ = {isa = PBXBuildFile; fileRef = B55463DA203B35C000A2A778 /* UIGestureRecognizerExtension.swift */; };
		B55463DD203B35CB00A2A778 /* UIDeviceExtension.swift in Sources */ = {isa = PBXBuildFile; fileRef = B55463DC203B35CB00A2A778 /* UIDeviceExtension.swift */; };
		B55463DF203B35D400A2A778 /* UIPinchGestureRecognizerExtension.swift in Sources */ = {isa = PBXBuildFile; fileRef = B55463DE203B35D400A2A778 /* UIPinchGestureRecognizerExtension.swift */; };
		B55463E1203B35DE00A2A778 /* UIScreenExtension.swift in Sources */ = {isa = PBXBuildFile; fileRef = B55463E0203B35DE00A2A778 /* UIScreenExtension.swift */; };
		B55463E3203B361700A2A778 /* Direction.swift in Sources */ = {isa = PBXBuildFile; fileRef = B55463E2203B361700A2A778 /* Direction.swift */; };
		B5BAADCF203B330800671C6F /* AppDelegate.swift in Sources */ = {isa = PBXBuildFile; fileRef = B5BAADCE203B330800671C6F /* AppDelegate.swift */; };
		B5BAADD4203B330800671C6F /* Main.storyboard in Resources */ = {isa = PBXBuildFile; fileRef = B5BAADD2203B330800671C6F /* Main.storyboard */; };
		B5BAADD6203B330800671C6F /* Assets.xcassets in Resources */ = {isa = PBXBuildFile; fileRef = B5BAADD5203B330800671C6F /* Assets.xcassets */; };
		B5BAADD9203B330800671C6F /* LaunchScreen.storyboard in Resources */ = {isa = PBXBuildFile; fileRef = B5BAADD7203B330800671C6F /* LaunchScreen.storyboard */; };
		F9DDEAF49AF301C17E556506 /* Pods_ZupEvents.framework in Frameworks */ = {isa = PBXBuildFile; fileRef = 96EB3EEC49F69C839807DE84 /* Pods_ZupEvents.framework */; };
/* End PBXBuildFile section */

/* Begin PBXFileReference section */
		37BF26C2B50641B8A322B866 /* Pods-ZupEvents.debug.xcconfig */ = {isa = PBXFileReference; includeInIndex = 1; lastKnownFileType = text.xcconfig; name = "Pods-ZupEvents.debug.xcconfig"; path = "Pods/Target Support Files/Pods-ZupEvents/Pods-ZupEvents.debug.xcconfig"; sourceTree = "<group>"; };
		96EB3EEC49F69C839807DE84 /* Pods_ZupEvents.framework */ = {isa = PBXFileReference; explicitFileType = wrapper.framework; includeInIndex = 0; path = Pods_ZupEvents.framework; sourceTree = BUILT_PRODUCTS_DIR; };
		B55463C2203B355B00A2A778 /* UICollectionViewCellExtension.swift */ = {isa = PBXFileReference; fileEncoding = 4; lastKnownFileType = sourcecode.swift; path = UICollectionViewCellExtension.swift; sourceTree = "<group>"; };
		B55463C3203B355B00A2A778 /* UIStoryboardExtension.swift */ = {isa = PBXFileReference; fileEncoding = 4; lastKnownFileType = sourcecode.swift; path = UIStoryboardExtension.swift; sourceTree = "<group>"; };
		B55463C4203B355B00A2A778 /* UITableViewExtension.swift */ = {isa = PBXFileReference; fileEncoding = 4; lastKnownFileType = sourcecode.swift; path = UITableViewExtension.swift; sourceTree = "<group>"; };
		B55463C5203B355C00A2A778 /* UITableViewCellExtension.swift */ = {isa = PBXFileReference; fileEncoding = 4; lastKnownFileType = sourcecode.swift; path = UITableViewCellExtension.swift; sourceTree = "<group>"; };
		B55463C6203B355C00A2A778 /* UIImageExtension.swift */ = {isa = PBXFileReference; fileEncoding = 4; lastKnownFileType = sourcecode.swift; path = UIImageExtension.swift; sourceTree = "<group>"; };
		B55463C7203B355C00A2A778 /* UICollectionViewExtension.swift */ = {isa = PBXFileReference; fileEncoding = 4; lastKnownFileType = sourcecode.swift; path = UICollectionViewExtension.swift; sourceTree = "<group>"; };
		B55463C8203B355C00A2A778 /* UINibExtension.swift */ = {isa = PBXFileReference; fileEncoding = 4; lastKnownFileType = sourcecode.swift; path = UINibExtension.swift; sourceTree = "<group>"; };
		B55463C9203B355C00A2A778 /* UITableViewHeaderFooterViewExtension.swift */ = {isa = PBXFileReference; fileEncoding = 4; lastKnownFileType = sourcecode.swift; path = UITableViewHeaderFooterViewExtension.swift; sourceTree = "<group>"; };
		B55463D6203B359300A2A778 /* UIPanGestureExtension.swift */ = {isa = PBXFileReference; fileEncoding = 4; lastKnownFileType = sourcecode.swift; path = UIPanGestureExtension.swift; sourceTree = "<group>"; };
		B55463D8203B35B700A2A778 /* UIColorExtension.swift */ = {isa = PBXFileReference; fileEncoding = 4; lastKnownFileType = sourcecode.swift; path = UIColorExtension.swift; sourceTree = "<group>"; };
		B55463DA203B35C000A2A778 /* UIGestureRecognizerExtension.swift */ = {isa = PBXFileReference; fileEncoding = 4; lastKnownFileType = sourcecode.swift; path = UIGestureRecognizerExtension.swift; sourceTree = "<group>"; };
		B55463DC203B35CB00A2A778 /* UIDeviceExtension.swift */ = {isa = PBXFileReference; fileEncoding = 4; lastKnownFileType = sourcecode.swift; path = UIDeviceExtension.swift; sourceTree = "<group>"; };
		B55463DE203B35D400A2A778 /* UIPinchGestureRecognizerExtension.swift */ = {isa = PBXFileReference; fileEncoding = 4; lastKnownFileType = sourcecode.swift; path = UIPinchGestureRecognizerExtension.swift; sourceTree = "<group>"; };
		B55463E0203B35DE00A2A778 /* UIScreenExtension.swift */ = {isa = PBXFileReference; fileEncoding = 4; lastKnownFileType = sourcecode.swift; path = UIScreenExtension.swift; sourceTree = "<group>"; };
		B55463E2203B361700A2A778 /* Direction.swift */ = {isa = PBXFileReference; lastKnownFileType = sourcecode.swift; path = Direction.swift; sourceTree = "<group>"; };
		B5BAADCB203B330800671C6F /* ZupEvents.app */ = {isa = PBXFileReference; explicitFileType = wrapper.application; includeInIndex = 0; path = ZupEvents.app; sourceTree = BUILT_PRODUCTS_DIR; };
		B5BAADCE203B330800671C6F /* AppDelegate.swift */ = {isa = PBXFileReference; lastKnownFileType = sourcecode.swift; path = AppDelegate.swift; sourceTree = "<group>"; };
		B5BAADD3203B330800671C6F /* Base */ = {isa = PBXFileReference; lastKnownFileType = file.storyboard; name = Base; path = Base.lproj/Main.storyboard; sourceTree = "<group>"; };
		B5BAADD5203B330800671C6F /* Assets.xcassets */ = {isa = PBXFileReference; lastKnownFileType = folder.assetcatalog; path = Assets.xcassets; sourceTree = "<group>"; };
		B5BAADD8203B330800671C6F /* Base */ = {isa = PBXFileReference; lastKnownFileType = file.storyboard; name = Base; path = Base.lproj/LaunchScreen.storyboard; sourceTree = "<group>"; };
		B5BAADDA203B330800671C6F /* Info.plist */ = {isa = PBXFileReference; lastKnownFileType = text.plist.xml; path = Info.plist; sourceTree = "<group>"; };
		EB613C316983D0E92E425D47 /* Pods-ZupEvents.release.xcconfig */ = {isa = PBXFileReference; includeInIndex = 1; lastKnownFileType = text.xcconfig; name = "Pods-ZupEvents.release.xcconfig"; path = "Pods/Target Support Files/Pods-ZupEvents/Pods-ZupEvents.release.xcconfig"; sourceTree = "<group>"; };
/* End PBXFileReference section */

/* Begin PBXFrameworksBuildPhase section */
		B5BAADC8203B330800671C6F /* Frameworks */ = {
			isa = PBXFrameworksBuildPhase;
			buildActionMask = 2147483647;
			files = (
				F9DDEAF49AF301C17E556506 /* Pods_ZupEvents.framework in Frameworks */,
			);
			runOnlyForDeploymentPostprocessing = 0;
		};
/* End PBXFrameworksBuildPhase section */

/* Begin PBXGroup section */
		004B484EEE343DB7D211EEC1 /* Frameworks */ = {
			isa = PBXGroup;
			children = (
				96EB3EEC49F69C839807DE84 /* Pods_ZupEvents.framework */,
			);
			name = Frameworks;
			sourceTree = "<group>";
		};
		397D6C19ED48416747EA3439 /* Pods */ = {
			isa = PBXGroup;
			children = (
				37BF26C2B50641B8A322B866 /* Pods-ZupEvents.debug.xcconfig */,
				EB613C316983D0E92E425D47 /* Pods-ZupEvents.release.xcconfig */,
			);
			name = Pods;
			sourceTree = "<group>";
		};
		B55463BC203B34B500A2A778 /* Application */ = {
			isa = PBXGroup;
			children = (
				B5BAADD2203B330800671C6F /* Main.storyboard */,
				B5BAADCE203B330800671C6F /* AppDelegate.swift */,
				B5BAADD5203B330800671C6F /* Assets.xcassets */,
				B5BAADD7203B330800671C6F /* LaunchScreen.storyboard */,
				B5BAADDA203B330800671C6F /* Info.plist */,
			);
			path = Application;
			sourceTree = "<group>";
		};
		B55463BD203B34E600A2A778 /* Stories */ = {
			isa = PBXGroup;
			children = (
			);
			path = Stories;
			sourceTree = "<group>";
		};
		B55463BE203B350800A2A778 /* Services */ = {
			isa = PBXGroup;
			children = (
			);
			path = Services;
			sourceTree = "<group>";
		};
		B55463BF203B351900A2A778 /* Extensions */ = {
			isa = PBXGroup;
			children = (
			);
			path = Extensions;
			sourceTree = "<group>";
		};
		B55463C0203B352900A2A778 /* Subclasses */ = {
			isa = PBXGroup;
			children = (
				B55463E2203B361700A2A778 /* Direction.swift */,
			);
			path = Subclasses;
			sourceTree = "<group>";
		};
		B55463C1203B354500A2A778 /* Models */ = {
			isa = PBXGroup;
			children = (
				B55463C2203B355B00A2A778 /* UICollectionViewCellExtension.swift */,
				B55463C7203B355C00A2A778 /* UICollectionViewExtension.swift */,
				B55463D8203B35B700A2A778 /* UIColorExtension.swift */,
				B55463DC203B35CB00A2A778 /* UIDeviceExtension.swift */,
				B55463DA203B35C000A2A778 /* UIGestureRecognizerExtension.swift */,
				B55463C6203B355C00A2A778 /* UIImageExtension.swift */,
				B55463C8203B355C00A2A778 /* UINibExtension.swift */,
				B55463D6203B359300A2A778 /* UIPanGestureExtension.swift */,
				B55463DE203B35D400A2A778 /* UIPinchGestureRecognizerExtension.swift */,
				B55463E0203B35DE00A2A778 /* UIScreenExtension.swift */,
				B55463C3203B355B00A2A778 /* UIStoryboardExtension.swift */,
				B55463C5203B355C00A2A778 /* UITableViewCellExtension.swift */,
				B55463C4203B355B00A2A778 /* UITableViewExtension.swift */,
				B55463C9203B355C00A2A778 /* UITableViewHeaderFooterViewExtension.swift */,
			);
			path = Models;
			sourceTree = "<group>";
		};
		B5BAADC2203B330800671C6F = {
			isa = PBXGroup;
			children = (
				B5BAADCD203B330800671C6F /* ZupEvents */,
				B5BAADCC203B330800671C6F /* Products */,
				397D6C19ED48416747EA3439 /* Pods */,
				004B484EEE343DB7D211EEC1 /* Frameworks */,
			);
			sourceTree = "<group>";
		};
		B5BAADCC203B330800671C6F /* Products */ = {
			isa = PBXGroup;
			children = (
				B5BAADCB203B330800671C6F /* ZupEvents.app */,
			);
			name = Products;
			sourceTree = "<group>";
		};
		B5BAADCD203B330800671C6F /* ZupEvents */ = {
			isa = PBXGroup;
			children = (
				B55463BC203B34B500A2A778 /* Application */,
				B55463BF203B351900A2A778 /* Extensions */,
				B55463C1203B354500A2A778 /* Models */,
				B55463BE203B350800A2A778 /* Services */,
				B55463BD203B34E600A2A778 /* Stories */,
				B55463C0203B352900A2A778 /* Subclasses */,
			);
			path = ZupEvents;
			sourceTree = "<group>";
		};
/* End PBXGroup section */

/* Begin PBXNativeTarget section */
		B5BAADCA203B330800671C6F /* ZupEvents */ = {
			isa = PBXNativeTarget;
			buildConfigurationList = B5BAADDD203B330800671C6F /* Build configuration list for PBXNativeTarget "ZupEvents" */;
			buildPhases = (
				3DC19200737D7F3A99EEEA4B /* [CP] Check Pods Manifest.lock */,
				B5BAADC7203B330800671C6F /* Sources */,
				B5BAADC8203B330800671C6F /* Frameworks */,
				B5BAADC9203B330800671C6F /* Resources */,
				46C35A5F820998BEA4FFE3CD /* [CP] Embed Pods Frameworks */,
				29F1C7CA462B09273D06621B /* [CP] Copy Pods Resources */,
			);
			buildRules = (
			);
			dependencies = (
			);
			name = ZupEvents;
			productName = ZupEvents;
			productReference = B5BAADCB203B330800671C6F /* ZupEvents.app */;
			productType = "com.apple.product-type.application";
		};
/* End PBXNativeTarget section */

/* Begin PBXProject section */
		B5BAADC3203B330800671C6F /* Project object */ = {
			isa = PBXProject;
			attributes = {
				LastSwiftUpdateCheck = 0920;
				LastUpgradeCheck = 0920;
				ORGANIZATIONNAME = "Rodolfo Antonici";
				TargetAttributes = {
					B5BAADCA203B330800671C6F = {
						CreatedOnToolsVersion = 9.2;
						ProvisioningStyle = Automatic;
					};
				};
			};
			buildConfigurationList = B5BAADC6203B330800671C6F /* Build configuration list for PBXProject "ZupEvents" */;
			compatibilityVersion = "Xcode 8.0";
			developmentRegion = en;
			hasScannedForEncodings = 0;
			knownRegions = (
				en,
				Base,
			);
			mainGroup = B5BAADC2203B330800671C6F;
			productRefGroup = B5BAADCC203B330800671C6F /* Products */;
			projectDirPath = "";
			projectRoot = "";
			targets = (
				B5BAADCA203B330800671C6F /* ZupEvents */,
			);
		};
/* End PBXProject section */

/* Begin PBXResourcesBuildPhase section */
		B5BAADC9203B330800671C6F /* Resources */ = {
			isa = PBXResourcesBuildPhase;
			buildActionMask = 2147483647;
			files = (
				B5BAADD9203B330800671C6F /* LaunchScreen.storyboard in Resources */,
				B5BAADD6203B330800671C6F /* Assets.xcassets in Resources */,
				B5BAADD4203B330800671C6F /* Main.storyboard in Resources */,
			);
			runOnlyForDeploymentPostprocessing = 0;
		};
/* End PBXResourcesBuildPhase section */

/* Begin PBXShellScriptBuildPhase section */
		29F1C7CA462B09273D06621B /* [CP] Copy Pods Resources */ = {
			isa = PBXShellScriptBuildPhase;
			buildActionMask = 2147483647;
			files = (
			);
			inputPaths = (
			);
			name = "[CP] Copy Pods Resources";
			outputPaths = (
			);
			runOnlyForDeploymentPostprocessing = 0;
			shellPath = /bin/sh;
			shellScript = "\"${SRCROOT}/Pods/Target Support Files/Pods-ZupEvents/Pods-ZupEvents-resources.sh\"\n";
			showEnvVarsInLog = 0;
		};
		3DC19200737D7F3A99EEEA4B /* [CP] Check Pods Manifest.lock */ = {
			isa = PBXShellScriptBuildPhase;
			buildActionMask = 2147483647;
			files = (
			);
			inputPaths = (
				"${PODS_PODFILE_DIR_PATH}/Podfile.lock",
				"${PODS_ROOT}/Manifest.lock",
			);
			name = "[CP] Check Pods Manifest.lock";
			outputPaths = (
				"$(DERIVED_FILE_DIR)/Pods-ZupEvents-checkManifestLockResult.txt",
			);
			runOnlyForDeploymentPostprocessing = 0;
			shellPath = /bin/sh;
			shellScript = "diff \"${PODS_PODFILE_DIR_PATH}/Podfile.lock\" \"${PODS_ROOT}/Manifest.lock\" > /dev/null\nif [ $? != 0 ] ; then\n    # print error to STDERR\n    echo \"error: The sandbox is not in sync with the Podfile.lock. Run 'pod install' or update your CocoaPods installation.\" >&2\n    exit 1\nfi\n# This output is used by Xcode 'outputs' to avoid re-running this script phase.\necho \"SUCCESS\" > \"${SCRIPT_OUTPUT_FILE_0}\"\n";
			showEnvVarsInLog = 0;
		};
		46C35A5F820998BEA4FFE3CD /* [CP] Embed Pods Frameworks */ = {
			isa = PBXShellScriptBuildPhase;
			buildActionMask = 2147483647;
			files = (
			);
			inputPaths = (
				"${SRCROOT}/Pods/Target Support Files/Pods-ZupEvents/Pods-ZupEvents-frameworks.sh",
				"${BUILT_PRODUCTS_DIR}/Alamofire/Alamofire.framework",
				"${BUILT_PRODUCTS_DIR}/Moya/Moya.framework",
				"${BUILT_PRODUCTS_DIR}/Result/Result.framework",
			);
			name = "[CP] Embed Pods Frameworks";
			outputPaths = (
				"${TARGET_BUILD_DIR}/${FRAMEWORKS_FOLDER_PATH}/Alamofire.framework",
				"${TARGET_BUILD_DIR}/${FRAMEWORKS_FOLDER_PATH}/Moya.framework",
				"${TARGET_BUILD_DIR}/${FRAMEWORKS_FOLDER_PATH}/Result.framework",
			);
			runOnlyForDeploymentPostprocessing = 0;
			shellPath = /bin/sh;
			shellScript = "\"${SRCROOT}/Pods/Target Support Files/Pods-ZupEvents/Pods-ZupEvents-frameworks.sh\"\n";
			showEnvVarsInLog = 0;
		};
/* End PBXShellScriptBuildPhase section */

/* Begin PBXSourcesBuildPhase section */
		B5BAADC7203B330800671C6F /* Sources */ = {
			isa = PBXSourcesBuildPhase;
			buildActionMask = 2147483647;
			files = (
				B55463DD203B35CB00A2A778 /* UIDeviceExtension.swift in Sources */,
				B55463E1203B35DE00A2A778 /* UIScreenExtension.swift in Sources */,
				B55463CB203B355C00A2A778 /* UICollectionViewCellExtension.swift in Sources */,
				B55463CC203B355C00A2A778 /* UIStoryboardExtension.swift in Sources */,
				B55463D7203B359300A2A778 /* UIPanGestureExtension.swift in Sources */,
				B55463D0203B355C00A2A778 /* UICollectionViewExtension.swift in Sources */,
				B55463E3203B361700A2A778 /* Direction.swift in Sources */,
				B55463DF203B35D400A2A778 /* UIPinchGestureRecognizerExtension.swift in Sources */,
				B55463D2203B355C00A2A778 /* UITableViewHeaderFooterViewExtension.swift in Sources */,
				B55463D9203B35B700A2A778 /* UIColorExtension.swift in Sources */,
				B55463D1203B355C00A2A778 /* UINibExtension.swift in Sources */,
				B55463CE203B355C00A2A778 /* UITableViewCellExtension.swift in Sources */,
				B55463DB203B35C100A2A778 /* UIGestureRecognizerExtension.swift in Sources */,
				B5BAADCF203B330800671C6F /* AppDelegate.swift in Sources */,
				B55463CD203B355C00A2A778 /* UITableViewExtension.swift in Sources */,
				B55463CF203B355C00A2A778 /* UIImageExtension.swift in Sources */,
			);
			runOnlyForDeploymentPostprocessing = 0;
		};
/* End PBXSourcesBuildPhase section */

/* Begin PBXVariantGroup section */
		B5BAADD2203B330800671C6F /* Main.storyboard */ = {
			isa = PBXVariantGroup;
			children = (
				B5BAADD3203B330800671C6F /* Base */,
			);
			name = Main.storyboard;
			sourceTree = "<group>";
		};
		B5BAADD7203B330800671C6F /* LaunchScreen.storyboard */ = {
			isa = PBXVariantGroup;
			children = (
				B5BAADD8203B330800671C6F /* Base */,
			);
			name = LaunchScreen.storyboard;
			sourceTree = "<group>";
		};
/* End PBXVariantGroup section */

/* Begin XCBuildConfiguration section */
		B5BAADDB203B330800671C6F /* Debug */ = {
			isa = XCBuildConfiguration;
			buildSettings = {
				ALWAYS_SEARCH_USER_PATHS = NO;
				CLANG_ANALYZER_NONNULL = YES;
				CLANG_ANALYZER_NUMBER_OBJECT_CONVERSION = YES_AGGRESSIVE;
				CLANG_CXX_LANGUAGE_STANDARD = "gnu++14";
				CLANG_CXX_LIBRARY = "libc++";
				CLANG_ENABLE_MODULES = YES;
				CLANG_ENABLE_OBJC_ARC = YES;
				CLANG_WARN_BLOCK_CAPTURE_AUTORELEASING = YES;
				CLANG_WARN_BOOL_CONVERSION = YES;
				CLANG_WARN_COMMA = YES;
				CLANG_WARN_CONSTANT_CONVERSION = YES;
				CLANG_WARN_DIRECT_OBJC_ISA_USAGE = YES_ERROR;
				CLANG_WARN_DOCUMENTATION_COMMENTS = YES;
				CLANG_WARN_EMPTY_BODY = YES;
				CLANG_WARN_ENUM_CONVERSION = YES;
				CLANG_WARN_INFINITE_RECURSION = YES;
				CLANG_WARN_INT_CONVERSION = YES;
				CLANG_WARN_NON_LITERAL_NULL_CONVERSION = YES;
				CLANG_WARN_OBJC_LITERAL_CONVERSION = YES;
				CLANG_WARN_OBJC_ROOT_CLASS = YES_ERROR;
				CLANG_WARN_RANGE_LOOP_ANALYSIS = YES;
				CLANG_WARN_STRICT_PROTOTYPES = YES;
				CLANG_WARN_SUSPICIOUS_MOVE = YES;
				CLANG_WARN_UNGUARDED_AVAILABILITY = YES_AGGRESSIVE;
				CLANG_WARN_UNREACHABLE_CODE = YES;
				CLANG_WARN__DUPLICATE_METHOD_MATCH = YES;
				CODE_SIGN_IDENTITY = "iPhone Developer";
				COPY_PHASE_STRIP = NO;
				DEBUG_INFORMATION_FORMAT = dwarf;
				ENABLE_STRICT_OBJC_MSGSEND = YES;
				ENABLE_TESTABILITY = YES;
				GCC_C_LANGUAGE_STANDARD = gnu11;
				GCC_DYNAMIC_NO_PIC = NO;
				GCC_NO_COMMON_BLOCKS = YES;
				GCC_OPTIMIZATION_LEVEL = 0;
				GCC_PREPROCESSOR_DEFINITIONS = (
					"DEBUG=1",
					"$(inherited)",
				);
				GCC_WARN_64_TO_32_BIT_CONVERSION = YES;
				GCC_WARN_ABOUT_RETURN_TYPE = YES_ERROR;
				GCC_WARN_UNDECLARED_SELECTOR = YES;
				GCC_WARN_UNINITIALIZED_AUTOS = YES_AGGRESSIVE;
				GCC_WARN_UNUSED_FUNCTION = YES;
				GCC_WARN_UNUSED_VARIABLE = YES;
				IPHONEOS_DEPLOYMENT_TARGET = 11.2;
				MTL_ENABLE_DEBUG_INFO = YES;
				ONLY_ACTIVE_ARCH = YES;
				SDKROOT = iphoneos;
				SWIFT_ACTIVE_COMPILATION_CONDITIONS = DEBUG;
				SWIFT_OPTIMIZATION_LEVEL = "-Onone";
			};
			name = Debug;
		};
		B5BAADDC203B330800671C6F /* Release */ = {
			isa = XCBuildConfiguration;
			buildSettings = {
				ALWAYS_SEARCH_USER_PATHS = NO;
				CLANG_ANALYZER_NONNULL = YES;
				CLANG_ANALYZER_NUMBER_OBJECT_CONVERSION = YES_AGGRESSIVE;
				CLANG_CXX_LANGUAGE_STANDARD = "gnu++14";
				CLANG_CXX_LIBRARY = "libc++";
				CLANG_ENABLE_MODULES = YES;
				CLANG_ENABLE_OBJC_ARC = YES;
				CLANG_WARN_BLOCK_CAPTURE_AUTORELEASING = YES;
				CLANG_WARN_BOOL_CONVERSION = YES;
				CLANG_WARN_COMMA = YES;
				CLANG_WARN_CONSTANT_CONVERSION = YES;
				CLANG_WARN_DIRECT_OBJC_ISA_USAGE = YES_ERROR;
				CLANG_WARN_DOCUMENTATION_COMMENTS = YES;
				CLANG_WARN_EMPTY_BODY = YES;
				CLANG_WARN_ENUM_CONVERSION = YES;
				CLANG_WARN_INFINITE_RECURSION = YES;
				CLANG_WARN_INT_CONVERSION = YES;
				CLANG_WARN_NON_LITERAL_NULL_CONVERSION = YES;
				CLANG_WARN_OBJC_LITERAL_CONVERSION = YES;
				CLANG_WARN_OBJC_ROOT_CLASS = YES_ERROR;
				CLANG_WARN_RANGE_LOOP_ANALYSIS = YES;
				CLANG_WARN_STRICT_PROTOTYPES = YES;
				CLANG_WARN_SUSPICIOUS_MOVE = YES;
				CLANG_WARN_UNGUARDED_AVAILABILITY = YES_AGGRESSIVE;
				CLANG_WARN_UNREACHABLE_CODE = YES;
				CLANG_WARN__DUPLICATE_METHOD_MATCH = YES;
				CODE_SIGN_IDENTITY = "iPhone Developer";
				COPY_PHASE_STRIP = NO;
				DEBUG_INFORMATION_FORMAT = "dwarf-with-dsym";
				ENABLE_NS_ASSERTIONS = NO;
				ENABLE_STRICT_OBJC_MSGSEND = YES;
				GCC_C_LANGUAGE_STANDARD = gnu11;
				GCC_NO_COMMON_BLOCKS = YES;
				GCC_WARN_64_TO_32_BIT_CONVERSION = YES;
				GCC_WARN_ABOUT_RETURN_TYPE = YES_ERROR;
				GCC_WARN_UNDECLARED_SELECTOR = YES;
				GCC_WARN_UNINITIALIZED_AUTOS = YES_AGGRESSIVE;
				GCC_WARN_UNUSED_FUNCTION = YES;
				GCC_WARN_UNUSED_VARIABLE = YES;
				IPHONEOS_DEPLOYMENT_TARGET = 11.2;
				MTL_ENABLE_DEBUG_INFO = NO;
				SDKROOT = iphoneos;
				SWIFT_OPTIMIZATION_LEVEL = "-Owholemodule";
				VALIDATE_PRODUCT = YES;
			};
			name = Release;
		};
		B5BAADDE203B330800671C6F /* Debug */ = {
			isa = XCBuildConfiguration;
			baseConfigurationReference = 37BF26C2B50641B8A322B866 /* Pods-ZupEvents.debug.xcconfig */;
			buildSettings = {
				ASSETCATALOG_COMPILER_APPICON_NAME = AppIcon;
				CODE_SIGN_STYLE = Automatic;
				DEVELOPMENT_TEAM = TV4BNXV6P6;
				INFOPLIST_FILE = "$(SRCROOT)/ZupEvents/Application/Info.plist";
				LD_RUNPATH_SEARCH_PATHS = "$(inherited) @executable_path/Frameworks";
				PRODUCT_BUNDLE_IDENTIFIER = br.com.rantonici.ZupEvents;
				PRODUCT_NAME = "$(TARGET_NAME)";
				SWIFT_VERSION = 4.0;
				TARGETED_DEVICE_FAMILY = "1,2";
			};
			name = Debug;
		};
		B5BAADDF203B330800671C6F /* Release */ = {
			isa = XCBuildConfiguration;
			baseConfigurationReference = EB613C316983D0E92E425D47 /* Pods-ZupEvents.release.xcconfig */;
			buildSettings = {
				ASSETCATALOG_COMPILER_APPICON_NAME = AppIcon;
				CODE_SIGN_STYLE = Automatic;
				DEVELOPMENT_TEAM = TV4BNXV6P6;
				INFOPLIST_FILE = "$(SRCROOT)/ZupEvents/Application/Info.plist";
				LD_RUNPATH_SEARCH_PATHS = "$(inherited) @executable_path/Frameworks";
				PRODUCT_BUNDLE_IDENTIFIER = br.com.rantonici.ZupEvents;
				PRODUCT_NAME = "$(TARGET_NAME)";
				SWIFT_VERSION = 4.0;
				TARGETED_DEVICE_FAMILY = "1,2";
			};
			name = Release;
		};
/* End XCBuildConfiguration section */

/* Begin XCConfigurationList section */
		B5BAADC6203B330800671C6F /* Build configuration list for PBXProject "ZupEvents" */ = {
			isa = XCConfigurationList;
			buildConfigurations = (
				B5BAADDB203B330800671C6F /* Debug */,
				B5BAADDC203B330800671C6F /* Release */,
			);
			defaultConfigurationIsVisible = 0;
			defaultConfigurationName = Release;
		};
		B5BAADDD203B330800671C6F /* Build configuration list for PBXNativeTarget "ZupEvents" */ = {
			isa = XCConfigurationList;
			buildConfigurations = (
				B5BAADDE203B330800671C6F /* Debug */,
				B5BAADDF203B330800671C6F /* Release */,
			);
			defaultConfigurationIsVisible = 0;
			defaultConfigurationName = Release;
		};
/* End XCConfigurationList section */
	};
	rootObject = B5BAADC3203B330800671C6F /* Project object */;
}
